
Microsoft Visual Studio Solution File, Format Version 12.00
# Visual Studio Version 17
VisualStudioVersion = 17.6.33815.320
MinimumVisualStudioVersion = 10.0.40219.1
Project("{FAE04EC0-301F-11D3-BF4B-00C04F79EFBC}") = "practice app", "practice app.csproj", "{02806AE4-8CD4-4DB1-8BA4-A5DB97B427F9}"
EndProject
Global
	GlobalSection(SolutionConfigurationPlatforms) = preSolution
		Debug|Any CPU = Debug|Any CPU
		Release|Any CPU = Release|Any CPU
	EndGlobalSection
	GlobalSection(ProjectConfigurationPlatforms) = postSolution
		{02806AE4-8CD4-4DB1-8BA4-A5DB97B427F9}.Debug|Any CPU.ActiveCfg = Debug|Any CPU
		{02806AE4-8CD4-4DB1-8BA4-A5DB97B427F9}.Debug|Any CPU.Build.0 = Debug|Any CPU
		{02806AE4-8CD4-4DB1-8BA4-A5DB97B427F9}.Release|Any CPU.ActiveCfg = Release|Any CPU
		{02806AE4-8CD4-4DB1-8BA4-A5DB97B427F9}.Release|Any CPU.Build.0 = Release|Any CPU
	EndGlobalSection
	GlobalSection(SolutionProperties) = preSolution
		HideSolutionNode = FALSE
	EndGlobalSection
	GlobalSection(ExtensibilityGlobals) = postSolution
		SolutionGuid = {1B147BBA-CE38-4F6A-AE5E-F89D269BE804}
	EndGlobalSection
EndGlobal
